
Microsoft Visual Studio Solution File, Format Version 12.00
# Visual Studio 15
VisualStudioVersion = 15.0.26430.16
MinimumVisualStudioVersion = 10.0.40219.1
Project("{FAE04EC0-301F-11D3-BF4B-00C04F79EFBC}") = "TestApp", "TestApp\TestApp.csproj", "{63607B5B-EF9B-4071-90D3-23218CF4D73B}"
EndProject
Project("{FAE04EC0-301F-11D3-BF4B-00C04F79EFBC}") = "StyleApp", "StyleApp\StyleApp.csproj", "{371E0680-3706-4A50-9AEA-682AE2936DED}"
EndProject
Project("{FAE04EC0-301F-11D3-BF4B-00C04F79EFBC}") = "SugzTools", "SugzTools\SugzTools.csproj", "{A808C545-3C87-45EF-8F4A-47D8BD55CDD1}"
EndProject
Project("{FAE04EC0-301F-11D3-BF4B-00C04F79EFBC}") = "SvgToXaml", "SvgToXaml\SvgToXaml.csproj", "{7C2DA31F-1C7C-45E5-8FF5-7432F2523791}"
EndProject
Project("{FAE04EC0-301F-11D3-BF4B-00C04F79EFBC}") = "ConsoleApp1", "ConsoleApp1\ConsoleApp1.csproj", "{70E3D08D-D6C8-4922-A55F-44B5E351A4C5}"
EndProject
Project("{FAE04EC0-301F-11D3-BF4B-00C04F79EFBC}") = "MaxTestApp", "MaxTestApp\MaxTestApp.csproj", "{E0CABC81-9D29-41E2-9CF5-B855CA6341DF}"
EndProject
Project("{FAE04EC0-301F-11D3-BF4B-00C04F79EFBC}") = "CodeDoc", "CodeDoc\CodeDoc.csproj", "{D5A67BF9-835F-4ACF-80FC-672CCCD6149F}"
EndProject
Project("{FAE04EC0-301F-11D3-BF4B-00C04F79EFBC}") = "MaxscriptManager", "..\..\MaxscriptManager\MaxscriptManager\MaxscriptManager.csproj", "{D561EDC3-C546-4E61-9D74-4B3C248A8D42}"
EndProject
Global
	GlobalSection(SolutionConfigurationPlatforms) = preSolution
		Debug|Any CPU = Debug|Any CPU
		Debug|Net35 = Debug|Net35
		Debug|Net40 = Debug|Net40
		Debug|WithNRefactory = Debug|WithNRefactory
		Release|Any CPU = Release|Any CPU
		Release|Net35 = Release|Net35
		Release|Net40 = Release|Net40
		Release|WithNRefactory = Release|WithNRefactory
	EndGlobalSection
	GlobalSection(ProjectConfigurationPlatforms) = postSolution
		{63607B5B-EF9B-4071-90D3-23218CF4D73B}.Debug|Any CPU.ActiveCfg = Debug|Any CPU
		{63607B5B-EF9B-4071-90D3-23218CF4D73B}.Debug|Any CPU.Build.0 = Debug|Any CPU
		{63607B5B-EF9B-4071-90D3-23218CF4D73B}.Debug|Net35.ActiveCfg = Debug|Any CPU
		{63607B5B-EF9B-4071-90D3-23218CF4D73B}.Debug|Net35.Build.0 = Debug|Any CPU
		{63607B5B-EF9B-4071-90D3-23218CF4D73B}.Debug|Net40.ActiveCfg = Debug|Any CPU
		{63607B5B-EF9B-4071-90D3-23218CF4D73B}.Debug|Net40.Build.0 = Debug|Any CPU
		{63607B5B-EF9B-4071-90D3-23218CF4D73B}.Debug|WithNRefactory.ActiveCfg = Debug|Any CPU
		{63607B5B-EF9B-4071-90D3-23218CF4D73B}.Debug|WithNRefactory.Build.0 = Debug|Any CPU
		{63607B5B-EF9B-4071-90D3-23218CF4D73B}.Release|Any CPU.ActiveCfg = Release|Any CPU
		{63607B5B-EF9B-4071-90D3-23218CF4D73B}.Release|Any CPU.Build.0 = Release|Any CPU
		{63607B5B-EF9B-4071-90D3-23218CF4D73B}.Release|Net35.ActiveCfg = Release|Any CPU
		{63607B5B-EF9B-4071-90D3-23218CF4D73B}.Release|Net35.Build.0 = Release|Any CPU
		{63607B5B-EF9B-4071-90D3-23218CF4D73B}.Release|Net40.ActiveCfg = Release|Any CPU
		{63607B5B-EF9B-4071-90D3-23218CF4D73B}.Release|Net40.Build.0 = Release|Any CPU
		{63607B5B-EF9B-4071-90D3-23218CF4D73B}.Release|WithNRefactory.ActiveCfg = Release|Any CPU
		{63607B5B-EF9B-4071-90D3-23218CF4D73B}.Release|WithNRefactory.Build.0 = Release|Any CPU
		{371E0680-3706-4A50-9AEA-682AE2936DED}.Debug|Any CPU.ActiveCfg = Debug|Any CPU
		{371E0680-3706-4A50-9AEA-682AE2936DED}.Debug|Any CPU.Build.0 = Debug|Any CPU
		{371E0680-3706-4A50-9AEA-682AE2936DED}.Debug|Net35.ActiveCfg = Debug|Any CPU
		{371E0680-3706-4A50-9AEA-682AE2936DED}.Debug|Net35.Build.0 = Debug|Any CPU
		{371E0680-3706-4A50-9AEA-682AE2936DED}.Debug|Net40.ActiveCfg = Debug|Any CPU
		{371E0680-3706-4A50-9AEA-682AE2936DED}.Debug|Net40.Build.0 = Debug|Any CPU
		{371E0680-3706-4A50-9AEA-682AE2936DED}.Debug|WithNRefactory.ActiveCfg = Debug|Any CPU
		{371E0680-3706-4A50-9AEA-682AE2936DED}.Debug|WithNRefactory.Build.0 = Debug|Any CPU
		{371E0680-3706-4A50-9AEA-682AE2936DED}.Release|Any CPU.ActiveCfg = Release|Any CPU
		{371E0680-3706-4A50-9AEA-682AE2936DED}.Release|Any CPU.Build.0 = Release|Any CPU
		{371E0680-3706-4A50-9AEA-682AE2936DED}.Release|Net35.ActiveCfg = Release|Any CPU
		{371E0680-3706-4A50-9AEA-682AE2936DED}.Release|Net35.Build.0 = Release|Any CPU
		{371E0680-3706-4A50-9AEA-682AE2936DED}.Release|Net40.ActiveCfg = Release|Any CPU
		{371E0680-3706-4A50-9AEA-682AE2936DED}.Release|Net40.Build.0 = Release|Any CPU
		{371E0680-3706-4A50-9AEA-682AE2936DED}.Release|WithNRefactory.ActiveCfg = Release|Any CPU
		{371E0680-3706-4A50-9AEA-682AE2936DED}.Release|WithNRefactory.Build.0 = Release|Any CPU
		{A808C545-3C87-45EF-8F4A-47D8BD55CDD1}.Debug|Any CPU.ActiveCfg = Debug|Any CPU
		{A808C545-3C87-45EF-8F4A-47D8BD55CDD1}.Debug|Any CPU.Build.0 = Debug|Any CPU
		{A808C545-3C87-45EF-8F4A-47D8BD55CDD1}.Debug|Net35.ActiveCfg = Debug|Any CPU
		{A808C545-3C87-45EF-8F4A-47D8BD55CDD1}.Debug|Net35.Build.0 = Debug|Any CPU
		{A808C545-3C87-45EF-8F4A-47D8BD55CDD1}.Debug|Net40.ActiveCfg = Debug|Any CPU
		{A808C545-3C87-45EF-8F4A-47D8BD55CDD1}.Debug|Net40.Build.0 = Debug|Any CPU
		{A808C545-3C87-45EF-8F4A-47D8BD55CDD1}.Debug|WithNRefactory.ActiveCfg = Debug|Any CPU
		{A808C545-3C87-45EF-8F4A-47D8BD55CDD1}.Debug|WithNRefactory.Build.0 = Debug|Any CPU
		{A808C545-3C87-45EF-8F4A-47D8BD55CDD1}.Release|Any CPU.ActiveCfg = Release|Any CPU
		{A808C545-3C87-45EF-8F4A-47D8BD55CDD1}.Release|Any CPU.Build.0 = Release|Any CPU
		{A808C545-3C87-45EF-8F4A-47D8BD55CDD1}.Release|Net35.ActiveCfg = Release|Any CPU
		{A808C545-3C87-45EF-8F4A-47D8BD55CDD1}.Release|Net35.Build.0 = Release|Any CPU
		{A808C545-3C87-45EF-8F4A-47D8BD55CDD1}.Release|Net40.ActiveCfg = Release|Any CPU
		{A808C545-3C87-45EF-8F4A-47D8BD55CDD1}.Release|Net40.Build.0 = Release|Any CPU
		{A808C545-3C87-45EF-8F4A-47D8BD55CDD1}.Release|WithNRefactory.ActiveCfg = Release|Any CPU
		{A808C545-3C87-45EF-8F4A-47D8BD55CDD1}.Release|WithNRefactory.Build.0 = Release|Any CPU
		{7C2DA31F-1C7C-45E5-8FF5-7432F2523791}.Debug|Any CPU.ActiveCfg = Debug|Any CPU
		{7C2DA31F-1C7C-45E5-8FF5-7432F2523791}.Debug|Any CPU.Build.0 = Debug|Any CPU
		{7C2DA31F-1C7C-45E5-8FF5-7432F2523791}.Debug|Net35.ActiveCfg = Debug|Any CPU
		{7C2DA31F-1C7C-45E5-8FF5-7432F2523791}.Debug|Net35.Build.0 = Debug|Any CPU
		{7C2DA31F-1C7C-45E5-8FF5-7432F2523791}.Debug|Net40.ActiveCfg = Debug|Any CPU
		{7C2DA31F-1C7C-45E5-8FF5-7432F2523791}.Debug|Net40.Build.0 = Debug|Any CPU
		{7C2DA31F-1C7C-45E5-8FF5-7432F2523791}.Debug|WithNRefactory.ActiveCfg = Debug|Any CPU
		{7C2DA31F-1C7C-45E5-8FF5-7432F2523791}.Debug|WithNRefactory.Build.0 = Debug|Any CPU
		{7C2DA31F-1C7C-45E5-8FF5-7432F2523791}.Release|Any CPU.ActiveCfg = Release|Any CPU
		{7C2DA31F-1C7C-45E5-8FF5-7432F2523791}.Release|Any CPU.Build.0 = Release|Any CPU
		{7C2DA31F-1C7C-45E5-8FF5-7432F2523791}.Release|Net35.ActiveCfg = Release|Any CPU
		{7C2DA31F-1C7C-45E5-8FF5-7432F2523791}.Release|Net35.Build.0 = Release|Any CPU
		{7C2DA31F-1C7C-45E5-8FF5-7432F2523791}.Release|Net40.ActiveCfg = Release|Any CPU
		{7C2DA31F-1C7C-45E5-8FF5-7432F2523791}.Release|Net40.Build.0 = Release|Any CPU
		{7C2DA31F-1C7C-45E5-8FF5-7432F2523791}.Release|WithNRefactory.ActiveCfg = Release|Any CPU
		{7C2DA31F-1C7C-45E5-8FF5-7432F2523791}.Release|WithNRefactory.Build.0 = Release|Any CPU
		{70E3D08D-D6C8-4922-A55F-44B5E351A4C5}.Debug|Any CPU.ActiveCfg = Debug|Any CPU
		{70E3D08D-D6C8-4922-A55F-44B5E351A4C5}.Debug|Any CPU.Build.0 = Debug|Any CPU
		{70E3D08D-D6C8-4922-A55F-44B5E351A4C5}.Debug|Net35.ActiveCfg = Debug|Any CPU
		{70E3D08D-D6C8-4922-A55F-44B5E351A4C5}.Debug|Net35.Build.0 = Debug|Any CPU
		{70E3D08D-D6C8-4922-A55F-44B5E351A4C5}.Debug|Net40.ActiveCfg = Debug|Any CPU
		{70E3D08D-D6C8-4922-A55F-44B5E351A4C5}.Debug|Net40.Build.0 = Debug|Any CPU
		{70E3D08D-D6C8-4922-A55F-44B5E351A4C5}.Debug|WithNRefactory.ActiveCfg = Debug|Any CPU
		{70E3D08D-D6C8-4922-A55F-44B5E351A4C5}.Debug|WithNRefactory.Build.0 = Debug|Any CPU
		{70E3D08D-D6C8-4922-A55F-44B5E351A4C5}.Release|Any CPU.ActiveCfg = Release|Any CPU
		{70E3D08D-D6C8-4922-A55F-44B5E351A4C5}.Release|Any CPU.Build.0 = Release|Any CPU
		{70E3D08D-D6C8-4922-A55F-44B5E351A4C5}.Release|Net35.ActiveCfg = Release|Any CPU
		{70E3D08D-D6C8-4922-A55F-44B5E351A4C5}.Release|Net35.Build.0 = Release|Any CPU
		{70E3D08D-D6C8-4922-A55F-44B5E351A4C5}.Release|Net40.ActiveCfg = Release|Any CPU
		{70E3D08D-D6C8-4922-A55F-44B5E351A4C5}.Release|Net40.Build.0 = Release|Any CPU
		{70E3D08D-D6C8-4922-A55F-44B5E351A4C5}.Release|WithNRefactory.ActiveCfg = Release|Any CPU
		{70E3D08D-D6C8-4922-A55F-44B5E351A4C5}.Release|WithNRefactory.Build.0 = Release|Any CPU
		{E0CABC81-9D29-41E2-9CF5-B855CA6341DF}.Debug|Any CPU.ActiveCfg = Debug|Any CPU
		{E0CABC81-9D29-41E2-9CF5-B855CA6341DF}.Debug|Any CPU.Build.0 = Debug|Any CPU
		{E0CABC81-9D29-41E2-9CF5-B855CA6341DF}.Debug|Net35.ActiveCfg = Debug|Any CPU
		{E0CABC81-9D29-41E2-9CF5-B855CA6341DF}.Debug|Net35.Build.0 = Debug|Any CPU
		{E0CABC81-9D29-41E2-9CF5-B855CA6341DF}.Debug|Net40.ActiveCfg = Debug|Any CPU
		{E0CABC81-9D29-41E2-9CF5-B855CA6341DF}.Debug|Net40.Build.0 = Debug|Any CPU
		{E0CABC81-9D29-41E2-9CF5-B855CA6341DF}.Debug|WithNRefactory.ActiveCfg = Debug|Any CPU
		{E0CABC81-9D29-41E2-9CF5-B855CA6341DF}.Debug|WithNRefactory.Build.0 = Debug|Any CPU
		{E0CABC81-9D29-41E2-9CF5-B855CA6341DF}.Release|Any CPU.ActiveCfg = Release|Any CPU
		{E0CABC81-9D29-41E2-9CF5-B855CA6341DF}.Release|Any CPU.Build.0 = Release|Any CPU
		{E0CABC81-9D29-41E2-9CF5-B855CA6341DF}.Release|Net35.ActiveCfg = Release|Any CPU
		{E0CABC81-9D29-41E2-9CF5-B855CA6341DF}.Release|Net35.Build.0 = Release|Any CPU
		{E0CABC81-9D29-41E2-9CF5-B855CA6341DF}.Release|Net40.ActiveCfg = Release|Any CPU
		{E0CABC81-9D29-41E2-9CF5-B855CA6341DF}.Release|Net40.Build.0 = Release|Any CPU
		{E0CABC81-9D29-41E2-9CF5-B855CA6341DF}.Release|WithNRefactory.ActiveCfg = Release|Any CPU
		{E0CABC81-9D29-41E2-9CF5-B855CA6341DF}.Release|WithNRefactory.Build.0 = Release|Any CPU
		{D5A67BF9-835F-4ACF-80FC-672CCCD6149F}.Debug|Any CPU.ActiveCfg = Debug|Any CPU
		{D5A67BF9-835F-4ACF-80FC-672CCCD6149F}.Debug|Any CPU.Build.0 = Debug|Any CPU
		{D5A67BF9-835F-4ACF-80FC-672CCCD6149F}.Debug|Net35.ActiveCfg = Debug|Any CPU
		{D5A67BF9-835F-4ACF-80FC-672CCCD6149F}.Debug|Net35.Build.0 = Debug|Any CPU
		{D5A67BF9-835F-4ACF-80FC-672CCCD6149F}.Debug|Net40.ActiveCfg = Debug|Any CPU
		{D5A67BF9-835F-4ACF-80FC-672CCCD6149F}.Debug|Net40.Build.0 = Debug|Any CPU
		{D5A67BF9-835F-4ACF-80FC-672CCCD6149F}.Debug|WithNRefactory.ActiveCfg = Debug|Any CPU
		{D5A67BF9-835F-4ACF-80FC-672CCCD6149F}.Debug|WithNRefactory.Build.0 = Debug|Any CPU
		{D5A67BF9-835F-4ACF-80FC-672CCCD6149F}.Release|Any CPU.ActiveCfg = Release|Any CPU
		{D5A67BF9-835F-4ACF-80FC-672CCCD6149F}.Release|Any CPU.Build.0 = Release|Any CPU
		{D5A67BF9-835F-4ACF-80FC-672CCCD6149F}.Release|Net35.ActiveCfg = Release|Any CPU
		{D5A67BF9-835F-4ACF-80FC-672CCCD6149F}.Release|Net35.Build.0 = Release|Any CPU
		{D5A67BF9-835F-4ACF-80FC-672CCCD6149F}.Release|Net40.ActiveCfg = Release|Any CPU
		{D5A67BF9-835F-4ACF-80FC-672CCCD6149F}.Release|Net40.Build.0 = Release|Any CPU
		{D5A67BF9-835F-4ACF-80FC-672CCCD6149F}.Release|WithNRefactory.ActiveCfg = Release|Any CPU
		{D5A67BF9-835F-4ACF-80FC-672CCCD6149F}.Release|WithNRefactory.Build.0 = Release|Any CPU
		{D561EDC3-C546-4E61-9D74-4B3C248A8D42}.Debug|Any CPU.ActiveCfg = Debug|Any CPU
		{D561EDC3-C546-4E61-9D74-4B3C248A8D42}.Debug|Any CPU.Build.0 = Debug|Any CPU
		{D561EDC3-C546-4E61-9D74-4B3C248A8D42}.Debug|Net35.ActiveCfg = Debug|Any CPU
		{D561EDC3-C546-4E61-9D74-4B3C248A8D42}.Debug|Net35.Build.0 = Debug|Any CPU
		{D561EDC3-C546-4E61-9D74-4B3C248A8D42}.Debug|Net40.ActiveCfg = Debug|Any CPU
		{D561EDC3-C546-4E61-9D74-4B3C248A8D42}.Debug|Net40.Build.0 = Debug|Any CPU
		{D561EDC3-C546-4E61-9D74-4B3C248A8D42}.Debug|WithNRefactory.ActiveCfg = Debug|Any CPU
		{D561EDC3-C546-4E61-9D74-4B3C248A8D42}.Debug|WithNRefactory.Build.0 = Debug|Any CPU
		{D561EDC3-C546-4E61-9D74-4B3C248A8D42}.Release|Any CPU.ActiveCfg = Release|Any CPU
		{D561EDC3-C546-4E61-9D74-4B3C248A8D42}.Release|Any CPU.Build.0 = Release|Any CPU
		{D561EDC3-C546-4E61-9D74-4B3C248A8D42}.Release|Net35.ActiveCfg = Release|Any CPU
		{D561EDC3-C546-4E61-9D74-4B3C248A8D42}.Release|Net35.Build.0 = Release|Any CPU
		{D561EDC3-C546-4E61-9D74-4B3C248A8D42}.Release|Net40.ActiveCfg = Release|Any CPU
		{D561EDC3-C546-4E61-9D74-4B3C248A8D42}.Release|Net40.Build.0 = Release|Any CPU
		{D561EDC3-C546-4E61-9D74-4B3C248A8D42}.Release|WithNRefactory.ActiveCfg = Release|Any CPU
		{D561EDC3-C546-4E61-9D74-4B3C248A8D42}.Release|WithNRefactory.Build.0 = Release|Any CPU
	EndGlobalSection
	GlobalSection(SolutionProperties) = preSolution
		HideSolutionNode = FALSE
	EndGlobalSection
EndGlobal
