
Microsoft Visual Studio Solution File, Format Version 12.00
# Visual Studio 14
VisualStudioVersion = 14.0.25123.0
MinimumVisualStudioVersion = 10.0.40219.1
Project("{FAE04EC0-301F-11D3-BF4B-00C04F79EFBC}") = "SugzTools", "SugzTools\SugzTools.csproj", "{409A6418-9C0F-4FDE-9421-6E1B76B14E6D}"
EndProject
Project("{FAE04EC0-301F-11D3-BF4B-00C04F79EFBC}") = "ExemplesApp", "ExemplesApp\ExemplesApp.csproj", "{57A337CB-E9A6-411C-A22A-B07151EF2FFD}"
EndProject
Project("{FAE04EC0-301F-11D3-BF4B-00C04F79EFBC}") = "Modeling", "Modeling\Modeling.csproj", "{A8E9AE1C-6F48-4D38-B062-27CC751B43F7}"
EndProject
Project("{FAE04EC0-301F-11D3-BF4B-00C04F79EFBC}") = "StylesApp", "StylesApp\StylesApp.csproj", "{6A24B481-FD76-4A2F-80C1-481DCF14B86E}"
EndProject
Project("{FAE04EC0-301F-11D3-BF4B-00C04F79EFBC}") = "TestsApp", "TestsApp\TestsApp.csproj", "{D920DF37-A2F9-48D4-884F-6C8F87E30A11}"
EndProject
Project("{FAE04EC0-301F-11D3-BF4B-00C04F79EFBC}") = "SugzControls", "SugzControls\SugzControls.csproj", "{0C2EEB46-4C61-4848-847E-C82884F1BFD0}"
EndProject
Project("{FAE04EC0-301F-11D3-BF4B-00C04F79EFBC}") = "SugzExtensions", "SugzExtensions\SugzExtensions.csproj", "{217B90CD-FCDC-4101-86C7-E444DA633228}"
EndProject
Project("{FAE04EC0-301F-11D3-BF4B-00C04F79EFBC}") = "SugzBehaviours", "SugzBehaviours\SugzBehaviours.csproj", "{2AAB7134-8F0D-436E-B3DE-76F527D9DFAB}"
EndProject
Project("{FAE04EC0-301F-11D3-BF4B-00C04F79EFBC}") = "SugzConverters", "SugzConverters\SugzConverters.csproj", "{A7FA199B-CB6A-4362-A4BF-C4CE81C4A3E9}"
EndProject
Project("{FAE04EC0-301F-11D3-BF4B-00C04F79EFBC}") = "SugzMVVM", "SugzMVVM\SugzMVVM.csproj", "{1CA06253-246D-4BE8-81F7-A5E483DFA10D}"
EndProject
Global
	GlobalSection(SolutionConfigurationPlatforms) = preSolution
		Debug|Any CPU = Debug|Any CPU
		Release|Any CPU = Release|Any CPU
	EndGlobalSection
	GlobalSection(ProjectConfigurationPlatforms) = postSolution
		{409A6418-9C0F-4FDE-9421-6E1B76B14E6D}.Debug|Any CPU.ActiveCfg = Debug|Any CPU
		{409A6418-9C0F-4FDE-9421-6E1B76B14E6D}.Debug|Any CPU.Build.0 = Debug|Any CPU
		{409A6418-9C0F-4FDE-9421-6E1B76B14E6D}.Release|Any CPU.ActiveCfg = Release|Any CPU
		{409A6418-9C0F-4FDE-9421-6E1B76B14E6D}.Release|Any CPU.Build.0 = Release|Any CPU
		{57A337CB-E9A6-411C-A22A-B07151EF2FFD}.Debug|Any CPU.ActiveCfg = Debug|Any CPU
		{57A337CB-E9A6-411C-A22A-B07151EF2FFD}.Debug|Any CPU.Build.0 = Debug|Any CPU
		{57A337CB-E9A6-411C-A22A-B07151EF2FFD}.Release|Any CPU.ActiveCfg = Release|Any CPU
		{57A337CB-E9A6-411C-A22A-B07151EF2FFD}.Release|Any CPU.Build.0 = Release|Any CPU
		{A8E9AE1C-6F48-4D38-B062-27CC751B43F7}.Debug|Any CPU.ActiveCfg = Debug|Any CPU
		{A8E9AE1C-6F48-4D38-B062-27CC751B43F7}.Debug|Any CPU.Build.0 = Debug|Any CPU
		{A8E9AE1C-6F48-4D38-B062-27CC751B43F7}.Release|Any CPU.ActiveCfg = Release|Any CPU
		{A8E9AE1C-6F48-4D38-B062-27CC751B43F7}.Release|Any CPU.Build.0 = Release|Any CPU
		{6A24B481-FD76-4A2F-80C1-481DCF14B86E}.Debug|Any CPU.ActiveCfg = Debug|Any CPU
		{6A24B481-FD76-4A2F-80C1-481DCF14B86E}.Debug|Any CPU.Build.0 = Debug|Any CPU
		{6A24B481-FD76-4A2F-80C1-481DCF14B86E}.Release|Any CPU.ActiveCfg = Release|Any CPU
		{6A24B481-FD76-4A2F-80C1-481DCF14B86E}.Release|Any CPU.Build.0 = Release|Any CPU
		{D920DF37-A2F9-48D4-884F-6C8F87E30A11}.Debug|Any CPU.ActiveCfg = Debug|Any CPU
		{D920DF37-A2F9-48D4-884F-6C8F87E30A11}.Debug|Any CPU.Build.0 = Debug|Any CPU
		{D920DF37-A2F9-48D4-884F-6C8F87E30A11}.Release|Any CPU.ActiveCfg = Release|Any CPU
		{D920DF37-A2F9-48D4-884F-6C8F87E30A11}.Release|Any CPU.Build.0 = Release|Any CPU
		{0C2EEB46-4C61-4848-847E-C82884F1BFD0}.Debug|Any CPU.ActiveCfg = Debug|Any CPU
		{0C2EEB46-4C61-4848-847E-C82884F1BFD0}.Debug|Any CPU.Build.0 = Debug|Any CPU
		{0C2EEB46-4C61-4848-847E-C82884F1BFD0}.Release|Any CPU.ActiveCfg = Release|Any CPU
		{0C2EEB46-4C61-4848-847E-C82884F1BFD0}.Release|Any CPU.Build.0 = Release|Any CPU
		{217B90CD-FCDC-4101-86C7-E444DA633228}.Debug|Any CPU.ActiveCfg = Debug|Any CPU
		{217B90CD-FCDC-4101-86C7-E444DA633228}.Debug|Any CPU.Build.0 = Debug|Any CPU
		{217B90CD-FCDC-4101-86C7-E444DA633228}.Release|Any CPU.ActiveCfg = Release|Any CPU
		{217B90CD-FCDC-4101-86C7-E444DA633228}.Release|Any CPU.Build.0 = Release|Any CPU
		{2AAB7134-8F0D-436E-B3DE-76F527D9DFAB}.Debug|Any CPU.ActiveCfg = Debug|Any CPU
		{2AAB7134-8F0D-436E-B3DE-76F527D9DFAB}.Debug|Any CPU.Build.0 = Debug|Any CPU
		{2AAB7134-8F0D-436E-B3DE-76F527D9DFAB}.Release|Any CPU.ActiveCfg = Release|Any CPU
		{2AAB7134-8F0D-436E-B3DE-76F527D9DFAB}.Release|Any CPU.Build.0 = Release|Any CPU
		{A7FA199B-CB6A-4362-A4BF-C4CE81C4A3E9}.Debug|Any CPU.ActiveCfg = Debug|Any CPU
		{A7FA199B-CB6A-4362-A4BF-C4CE81C4A3E9}.Debug|Any CPU.Build.0 = Debug|Any CPU
		{A7FA199B-CB6A-4362-A4BF-C4CE81C4A3E9}.Release|Any CPU.ActiveCfg = Release|Any CPU
		{A7FA199B-CB6A-4362-A4BF-C4CE81C4A3E9}.Release|Any CPU.Build.0 = Release|Any CPU
		{1CA06253-246D-4BE8-81F7-A5E483DFA10D}.Debug|Any CPU.ActiveCfg = Debug|Any CPU
		{1CA06253-246D-4BE8-81F7-A5E483DFA10D}.Debug|Any CPU.Build.0 = Debug|Any CPU
		{1CA06253-246D-4BE8-81F7-A5E483DFA10D}.Release|Any CPU.ActiveCfg = Release|Any CPU
		{1CA06253-246D-4BE8-81F7-A5E483DFA10D}.Release|Any CPU.Build.0 = Release|Any CPU
	EndGlobalSection
	GlobalSection(SolutionProperties) = preSolution
		HideSolutionNode = FALSE
	EndGlobalSection
EndGlobal
